
Microsoft Visual Studio Solution File, Format Version 12.00
# Visual Studio 14
VisualStudioVersion = 14.0.25420.1
MinimumVisualStudioVersion = 10.0.40219.1
Project("{FAE04EC0-301F-11D3-BF4B-00C04F79EFBC}") = "EmailResponder", "EmailResponder\EmailResponder.csproj", "{23B63856-AAE3-4EBA-AB5D-EEA120C9FC09}"
EndProject
Project("{54435603-DBB4-11D2-8724-00A0C9A8B90C}") = "Setup", "Setup\Setup.vdproj", "{2E2E2BDC-3CB3-4AA5-B353-AA0859C190D1}"
EndProject
Global
	GlobalSection(SolutionConfigurationPlatforms) = preSolution
		Debug|Any CPU = Debug|Any CPU
		Release|Any CPU = Release|Any CPU
	EndGlobalSection
	GlobalSection(ProjectConfigurationPlatforms) = postSolution
		{23B63856-AAE3-4EBA-AB5D-EEA120C9FC09}.Debug|Any CPU.ActiveCfg = Debug|Any CPU
		{23B63856-AAE3-4EBA-AB5D-EEA120C9FC09}.Debug|Any CPU.Build.0 = Debug|Any CPU
		{23B63856-AAE3-4EBA-AB5D-EEA120C9FC09}.Release|Any CPU.ActiveCfg = Release|Any CPU
		{23B63856-AAE3-4EBA-AB5D-EEA120C9FC09}.Release|Any CPU.Build.0 = Release|Any CPU
		{2E2E2BDC-3CB3-4AA5-B353-AA0859C190D1}.Debug|Any CPU.ActiveCfg = Debug
		{2E2E2BDC-3CB3-4AA5-B353-AA0859C190D1}.Release|Any CPU.ActiveCfg = Release
	EndGlobalSection
	GlobalSection(SolutionProperties) = preSolution
		HideSolutionNode = FALSE
	EndGlobalSection
EndGlobal
